<?xml version="1.0" encoding="UTF-8" standalone="yes" ?>
<CodeBlocks_project_file>
   <FileVersion major="1" minor="6" />
   <Project>
      <Option title="aruco_test" />
      <Option makefile_is_custom="1" />
      <Option compiler="gcc" />
      <Option virtualFolders="CMake Files\;CMake Files\..\;CMake Files\..\..\;CMake Files\..\..\..\;CMake Files\..\..\..\..\;CMake Files\..\..\..\..\usr\;CMake Files\..\..\..\..\usr\local\;CMake Files\..\..\..\..\usr\local\share\;CMake Files\..\..\..\..\usr\local\share\OpenCV\;CMake Files\..\..\..\..\usr\local\share\cmake\;CMake Files\..\..\..\..\usr\local\share\cmake\cppzmq\;" />
      <Build>
      <Target title="all">
         <Option working_dir="/home/paragon/CLionProjects/aruco-detect" />
         <Option type="4" />
         <MakeCommands>
            <Build command="/usr/bin/make -f &quot;/home/paragon/CLionProjects/aruco-detect/Makefile&quot;  VERBOSE=1 all" />
            <CompileFile command="/usr/bin/make -f &quot;/home/paragon/CLionProjects/aruco-detect/Makefile&quot;  VERBOSE=1 &quot;$file&quot;" />
            <Clean command="/usr/bin/make -f &quot;/home/paragon/CLionProjects/aruco-detect/Makefile&quot;  VERBOSE=1 clean" />
            <DistClean command="/usr/bin/make -f &quot;/home/paragon/CLionProjects/aruco-detect/Makefile&quot;  VERBOSE=1 clean" />
         </MakeCommands>
      </Target>
      <Target title="edit_cache">
         <Option working_dir="/home/paragon/CLionProjects/aruco-detect" />
         <Option type="4" />
         <MakeCommands>
            <Build command="/usr/bin/make -f &quot;/home/paragon/CLionProjects/aruco-detect/Makefile&quot;  VERBOSE=1 edit_cache" />
            <CompileFile command="/usr/bin/make -f &quot;/home/paragon/CLionProjects/aruco-detect/Makefile&quot;  VERBOSE=1 &quot;$file&quot;" />
            <Clean command="/usr/bin/make -f &quot;/home/paragon/CLionProjects/aruco-detect/Makefile&quot;  VERBOSE=1 clean" />
            <DistClean command="/usr/bin/make -f &quot;/home/paragon/CLionProjects/aruco-detect/Makefile&quot;  VERBOSE=1 clean" />
         </MakeCommands>
      </Target>
      <Target title="rebuild_cache">
         <Option working_dir="/home/paragon/CLionProjects/aruco-detect" />
         <Option type="4" />
         <MakeCommands>
            <Build command="/usr/bin/make -f &quot;/home/paragon/CLionProjects/aruco-detect/Makefile&quot;  VERBOSE=1 rebuild_cache" />
            <CompileFile command="/usr/bin/make -f &quot;/home/paragon/CLionProjects/aruco-detect/Makefile&quot;  VERBOSE=1 &quot;$file&quot;" />
            <Clean command="/usr/bin/make -f &quot;/home/paragon/CLionProjects/aruco-detect/Makefile&quot;  VERBOSE=1 clean" />
            <DistClean command="/usr/bin/make -f &quot;/home/paragon/CLionProjects/aruco-detect/Makefile&quot;  VERBOSE=1 clean" />
         </MakeCommands>
      </Target>
      <Target title="aruco_test">
         <Option output="/home/paragon/CLionProjects/aruco-detect/bin/aruco_test" prefix_auto="0" extension_auto="0" />
         <Option working_dir="/home/paragon/CLionProjects/aruco-detect/bin" />
         <Option object_output="./" />
         <Option type="1" />
         <Option compiler="gcc" />
         <Compiler>
            <Add directory="/include" />
            <Add directory="/usr/include" />
            <Add directory="/usr/include/c++/5" />
            <Add directory="/usr/include/c++/5/backward" />
            <Add directory="/usr/include/x86_64-linux-gnu" />
            <Add directory="/usr/include/x86_64-linux-gnu/c++/5" />
            <Add directory="/usr/lib/gcc/x86_64-linux-gnu/5/include" />
            <Add directory="/usr/lib/gcc/x86_64-linux-gnu/5/include-fixed" />
            <Add directory="/usr/local/include" />
            <Add directory="/usr/local/include/opencv" />
         </Compiler>
         <MakeCommands>
            <Build command="/usr/bin/make -f &quot;/home/paragon/CLionProjects/aruco-detect/Makefile&quot;  VERBOSE=1 aruco_test" />
            <CompileFile command="/usr/bin/make -f &quot;/home/paragon/CLionProjects/aruco-detect/Makefile&quot;  VERBOSE=1 &quot;$file&quot;" />
            <Clean command="/usr/bin/make -f &quot;/home/paragon/CLionProjects/aruco-detect/Makefile&quot;  VERBOSE=1 clean" />
            <DistClean command="/usr/bin/make -f &quot;/home/paragon/CLionProjects/aruco-detect/Makefile&quot;  VERBOSE=1 clean" />
         </MakeCommands>
      </Target>
      <Target title="aruco_test/fast">
         <Option output="/home/paragon/CLionProjects/aruco-detect/bin/aruco_test" prefix_auto="0" extension_auto="0" />
         <Option working_dir="/home/paragon/CLionProjects/aruco-detect/bin" />
         <Option object_output="./" />
         <Option type="1" />
         <Option compiler="gcc" />
         <Compiler>
            <Add directory="/include" />
            <Add directory="/usr/include" />
            <Add directory="/usr/include/c++/5" />
            <Add directory="/usr/include/c++/5/backward" />
            <Add directory="/usr/include/x86_64-linux-gnu" />
            <Add directory="/usr/include/x86_64-linux-gnu/c++/5" />
            <Add directory="/usr/lib/gcc/x86_64-linux-gnu/5/include" />
            <Add directory="/usr/lib/gcc/x86_64-linux-gnu/5/include-fixed" />
            <Add directory="/usr/local/include" />
            <Add directory="/usr/local/include/opencv" />
         </Compiler>
         <MakeCommands>
            <Build command="/usr/bin/make -f &quot;/home/paragon/CLionProjects/aruco-detect/Makefile&quot;  VERBOSE=1 aruco_test/fast" />
            <CompileFile command="/usr/bin/make -f &quot;/home/paragon/CLionProjects/aruco-detect/Makefile&quot;  VERBOSE=1 &quot;$file&quot;" />
            <Clean command="/usr/bin/make -f &quot;/home/paragon/CLionProjects/aruco-detect/Makefile&quot;  VERBOSE=1 clean" />
            <DistClean command="/usr/bin/make -f &quot;/home/paragon/CLionProjects/aruco-detect/Makefile&quot;  VERBOSE=1 clean" />
         </MakeCommands>
      </Target>
      </Build>
      <Unit filename="/home/paragon/CLionProjects/aruco-detect/aruco_test/aruco_marker/detect_single.cpp">
         <Option target="aruco_test"/>
      </Unit>
      <Unit filename="/home/paragon/CLionProjects/aruco-detect/aruco_test/aruco_marker/detect_single.h">
         <Option target="aruco_test"/>
      </Unit>
      <Unit filename="/home/paragon/CLionProjects/aruco-detect/aruco_test/gen/pose.pb.cc">
         <Option target="aruco_test"/>
      </Unit>
      <Unit filename="/home/paragon/CLionProjects/aruco-detect/CMakeLists.txt">
          <Option virtualFolder="CMake Files\" />
      </Unit>
      <Unit filename="/home/paragon/CLionProjects/aruco-detect/../../../../usr/local/share/OpenCV/OpenCVConfig-version.cmake">
          <Option virtualFolder="CMake Files\..\..\..\..\usr\local\share\OpenCV\" />
      </Unit>
      <Unit filename="/home/paragon/CLionProjects/aruco-detect/../../../../usr/local/share/OpenCV/OpenCVConfig.cmake">
          <Option virtualFolder="CMake Files\..\..\..\..\usr\local\share\OpenCV\" />
      </Unit>
      <Unit filename="/home/paragon/CLionProjects/aruco-detect/../../../../usr/local/share/OpenCV/OpenCVModules.cmake">
          <Option virtualFolder="CMake Files\..\..\..\..\usr\local\share\OpenCV\" />
      </Unit>
      <Unit filename="/home/paragon/CLionProjects/aruco-detect/../../../../usr/local/share/OpenCV/OpenCVModules-release.cmake">
          <Option virtualFolder="CMake Files\..\..\..\..\usr\local\share\OpenCV\" />
      </Unit>
      <Unit filename="/home/paragon/CLionProjects/aruco-detect/../../../../usr/local/share/cmake/cppzmq/cppzmqConfigVersion.cmake">
          <Option virtualFolder="CMake Files\..\..\..\..\usr\local\share\cmake\cppzmq\" />
      </Unit>
      <Unit filename="/home/paragon/CLionProjects/aruco-detect/../../../../usr/local/share/cmake/cppzmq/cppzmqConfig.cmake">
          <Option virtualFolder="CMake Files\..\..\..\..\usr\local\share\cmake\cppzmq\" />
      </Unit>
      <Unit filename="/home/paragon/CLionProjects/aruco-detect/../../../../usr/local/share/cmake/cppzmq/libzmqPkgConfigFallback.cmake">
          <Option virtualFolder="CMake Files\..\..\..\..\usr\local\share\cmake\cppzmq\" />
      </Unit>
      <Unit filename="/home/paragon/CLionProjects/aruco-detect/../../../../usr/local/share/cmake/cppzmq/cppzmqTargets.cmake">
          <Option virtualFolder="CMake Files\..\..\..\..\usr\local\share\cmake\cppzmq\" />
      </Unit>
   </Project>
</CodeBlocks_project_file>
